
Microsoft Visual Studio Solution File, Format Version 12.00
# Visual Studio 15
VisualStudioVersion = 15.0.26206.0
MinimumVisualStudioVersion = 10.0.40219.1
Project("{FAE04EC0-301F-11D3-BF4B-00C04F79EFBC}") = "CSharp7Console", "CSharp7Console\CSharp7Console.csproj", "{FC109014-DEDF-4C6B-886A-4651D6EF3539}"
EndProject
Project("{2150E333-8FDC-42A3-9474-1A3956D46DE8}") = "Solution Items", "Solution Items", "{557D7F3D-0561-492A-B5BC-C4622144F450}"
	ProjectSection(SolutionItems) = preProject
		readme.md = readme.md
	EndProjectSection
EndProject
Global
	GlobalSection(SolutionConfigurationPlatforms) = preSolution
		Debug|Any CPU = Debug|Any CPU
		Release|Any CPU = Release|Any CPU
	EndGlobalSection
	GlobalSection(ProjectConfigurationPlatforms) = postSolution
		{FC109014-DEDF-4C6B-886A-4651D6EF3539}.Debug|Any CPU.ActiveCfg = Debug|Any CPU
		{FC109014-DEDF-4C6B-886A-4651D6EF3539}.Debug|Any CPU.Build.0 = Debug|Any CPU
		{FC109014-DEDF-4C6B-886A-4651D6EF3539}.Release|Any CPU.ActiveCfg = Release|Any CPU
		{FC109014-DEDF-4C6B-886A-4651D6EF3539}.Release|Any CPU.Build.0 = Release|Any CPU
	EndGlobalSection
	GlobalSection(SolutionProperties) = preSolution
		HideSolutionNode = FALSE
	EndGlobalSection
EndGlobal
